
Microsoft Visual Studio Solution File, Format Version 12.00
# Visual Studio Version 17
VisualStudioVersion = 17.2.32602.215
MinimumVisualStudioVersion = 10.0.40219.1
Project("{F184B08F-C81C-45F6-A57F-5ABD9991F28F}") = "nettest", "nettest\nettest.vbproj", "{D5116DF8-CCEF-4309-8898-FEE75134AEF9}"
EndProject
Global
	GlobalSection(SolutionConfigurationPlatforms) = preSolution
		Debug|Any CPU = Debug|Any CPU
		Release|Any CPU = Release|Any CPU
	EndGlobalSection
	GlobalSection(ProjectConfigurationPlatforms) = postSolution
		{D5116DF8-CCEF-4309-8898-FEE75134AEF9}.Debug|Any CPU.ActiveCfg = Debug|Any CPU
		{D5116DF8-CCEF-4309-8898-FEE75134AEF9}.Debug|Any CPU.Build.0 = Debug|Any CPU
		{D5116DF8-CCEF-4309-8898-FEE75134AEF9}.Release|Any CPU.ActiveCfg = Release|Any CPU
		{D5116DF8-CCEF-4309-8898-FEE75134AEF9}.Release|Any CPU.Build.0 = Release|Any CPU
	EndGlobalSection
	GlobalSection(SolutionProperties) = preSolution
		HideSolutionNode = FALSE
	EndGlobalSection
	GlobalSection(ExtensibilityGlobals) = postSolution
		SolutionGuid = {15CEFE37-1CCC-43B4-9404-F9A15510248E}
	EndGlobalSection
EndGlobal
