
Microsoft Visual Studio Solution File, Format Version 12.00
# Visual Studio Version 17
VisualStudioVersion = 17.2.32526.322
MinimumVisualStudioVersion = 10.0.40219.1
Project("{778DAE3C-4631-46EA-AA77-85C1314464D9}") = "firstform", "firstform\firstform.vbproj", "{73C1B525-C041-459D-9719-3FAC1BB3B262}"
EndProject
Project("{2150E333-8FDC-42A3-9474-1A3956D46DE8}") = "Solution Items", "Solution Items", "{0D8879AD-D470-460B-8189-AC0A2AB152D4}"
EndProject
Global
	GlobalSection(SolutionConfigurationPlatforms) = preSolution
		Debug|Any CPU = Debug|Any CPU
		Release|Any CPU = Release|Any CPU
	EndGlobalSection
	GlobalSection(ProjectConfigurationPlatforms) = postSolution
		{73C1B525-C041-459D-9719-3FAC1BB3B262}.Debug|Any CPU.ActiveCfg = Debug|Any CPU
		{73C1B525-C041-459D-9719-3FAC1BB3B262}.Debug|Any CPU.Build.0 = Debug|Any CPU
		{73C1B525-C041-459D-9719-3FAC1BB3B262}.Release|Any CPU.ActiveCfg = Release|Any CPU
		{73C1B525-C041-459D-9719-3FAC1BB3B262}.Release|Any CPU.Build.0 = Release|Any CPU
	EndGlobalSection
	GlobalSection(SolutionProperties) = preSolution
		HideSolutionNode = FALSE
	EndGlobalSection
	GlobalSection(ExtensibilityGlobals) = postSolution
		SolutionGuid = {0B1F15E1-AAC6-4EDD-B746-E78C935BF3B4}
	EndGlobalSection
EndGlobal
